<?xml version="1.0" encoding="utf-8"?>
<Project ToolsVersion="4.0" xmlns="http://schemas.microsoft.com/developer/msbuild/2003">
  <ItemGroup>
    <ClCompile Include="AssetPlacer\CornerAssetPlacer.cpp" />
    <ClCompile Include="SourceFiles\acrxEntryPoint.cpp" />
    <ClCompile Include="SourceFiles\BrxApp.cpp" />
    <ClCompile Include="SourceFiles\StdAfx.cpp" />
    <ClCompile Include="AssetPlacer\WallAssetPlacer.cpp" />
    <ClCompile Include="Blocks\BlockLoader.cpp" />
    <ClCompile Include="WallPanelConnectors\WallPanelConnector.cpp" />
    <ClCompile Include="AssetPlacer\GeometryUtils.cpp" />
    <ClCompile Include="DefineHeight.cpp" />
    <ClCompile Include="DefineScale.cpp" />
    <ClCompile Include="SettingsCommands.cpp" />
    <ClCompile Include="Tie\TiePlacer.cpp" />
    <ClCompile Include="WallPanelConnectors\StackedWallPanelConnector.cpp" />
    <ClCompile Include="SharedDefinations.cpp" />
    <ClCompile Include="Columns\PlaceColumns.cpp" />
    <ClCompile Include="WallPanelConnectors\Stacked15PanelConnector.cpp" />
    <ClCompile Include="Timber\TimberAssetCreator.cpp" />
  </ItemGroup>
  <ItemGroup>
    <ClInclude Include="AssetPlacer\CornerAssetPlacer.h" />
    <ClInclude Include="SourceFiles\Resource.h" />
    <ClInclude Include="SourceFiles\StdAfx.h" />
    <ClInclude Include="AssetPlacer\WallAssetPlacer.h" />
    <ClInclude Include="Blocks\BlockLoader.h" />
    <ClInclude Include="WallPanelConnectors\WallPanelConnector.h" />
    <ClInclude Include="SharedDefinations.h" />
    <ClInclude Include="AssetPlacer\GeometryUtils.h" />
    <ClInclude Include="DefineHeight.h" />
    <ClInclude Include="DefineScale.h" />
    <ClInclude Include="SettingsCommands.h" />
    <ClInclude Include="Tie\TiePlacer.h" />
    <ClInclude Include="WallPanelConnectors\StackedWallPanelConnector.h" />
    <ClInclude Include="Columns\PlaceColumns.h" />
    <ClInclude Include="WallPanelConnectors\Stacked15PanelConnector.h" />
    <ClInclude Include="Timber\TimberAssetCreator.h" />
  </ItemGroup>
  <ItemGroup>
    <ResourceCompile Include="SourceFiles\BrxApp.rc" />
  </ItemGroup>
  <ItemGroup>
    <None Include="Menu\CustomMenu.cui" />
    <None Include="README.md" />
    <None Include="packages.config" />
  </ItemGroup>
</Project>